
Microsoft Visual Studio Solution File, Format Version 12.00
# Visual Studio Version 17
VisualStudioVersion = 17.4.33110.190
MinimumVisualStudioVersion = 10.0.40219.1
Project("{FAE04EC0-301F-11D3-BF4B-00C04F79EFBC}") = "eltrainer", "eltrainer\eltrainer.csproj", "{7B33D7B2-DCB8-42C6-BB1E-D671EBC5F76C}"
EndProject
Global
	GlobalSection(SolutionConfigurationPlatforms) = preSolution
		Debug|Any CPU = Debug|Any CPU
		Release|Any CPU = Release|Any CPU
	EndGlobalSection
	GlobalSection(ProjectConfigurationPlatforms) = postSolution
		{7B33D7B2-DCB8-42C6-BB1E-D671EBC5F76C}.Debug|Any CPU.ActiveCfg = Debug|Any CPU
		{7B33D7B2-DCB8-42C6-BB1E-D671EBC5F76C}.Debug|Any CPU.Build.0 = Debug|Any CPU
		{7B33D7B2-DCB8-42C6-BB1E-D671EBC5F76C}.Release|Any CPU.ActiveCfg = Release|Any CPU
		{7B33D7B2-DCB8-42C6-BB1E-D671EBC5F76C}.Release|Any CPU.Build.0 = Release|Any CPU
	EndGlobalSection
	GlobalSection(SolutionProperties) = preSolution
		HideSolutionNode = FALSE
	EndGlobalSection
	GlobalSection(ExtensibilityGlobals) = postSolution
		SolutionGuid = {B04DDB21-3820-436A-BF8D-A224F567799E}
	EndGlobalSection
EndGlobal
